
Microsoft Visual Studio Solution File, Format Version 12.00
# Visual Studio Version 16
VisualStudioVersion = 16.0.29009.5
MinimumVisualStudioVersion = 10.0.40219.1
Project("{8BC9CEB8-8B4A-11D0-8D11-00A0C91BC942}") = "NewComputer", "NewComputer\NewComputer.vcxproj", "{627C0858-ED25-4896-B7D1-38433181911F}"
EndProject
Global
	GlobalSection(SolutionConfigurationPlatforms) = preSolution
		Debug|x64 = Debug|x64
		Debug|x86 = Debug|x86
		Release|x64 = Release|x64
		Release|x86 = Release|x86
	EndGlobalSection
	GlobalSection(ProjectConfigurationPlatforms) = postSolution
		{627C0858-ED25-4896-B7D1-38433181911F}.Debug|x64.ActiveCfg = Debug|x64
		{627C0858-ED25-4896-B7D1-38433181911F}.Debug|x64.Build.0 = Debug|x64
		{627C0858-ED25-4896-B7D1-38433181911F}.Debug|x86.ActiveCfg = Debug|Win32
		{627C0858-ED25-4896-B7D1-38433181911F}.Debug|x86.Build.0 = Debug|Win32
		{627C0858-ED25-4896-B7D1-38433181911F}.Release|x64.ActiveCfg = Release|x64
		{627C0858-ED25-4896-B7D1-38433181911F}.Release|x64.Build.0 = Release|x64
		{627C0858-ED25-4896-B7D1-38433181911F}.Release|x86.ActiveCfg = Release|Win32
		{627C0858-ED25-4896-B7D1-38433181911F}.Release|x86.Build.0 = Release|Win32
	EndGlobalSection
	GlobalSection(SolutionProperties) = preSolution
		HideSolutionNode = FALSE
	EndGlobalSection
	GlobalSection(ExtensibilityGlobals) = postSolution
		SolutionGuid = {105DB808-57B8-4391-A95B-41EBBBB08A06}
	EndGlobalSection
EndGlobal
